
Microsoft Visual Studio Solution File, Format Version 12.00
# Visual Studio Version 17
VisualStudioVersion = 17.9.34622.214
MinimumVisualStudioVersion = 10.0.40219.1
Project("{9A19103F-16F7-4668-BE54-9A1E7A4F7556}") = "MissingCoverage.Host", "src\MissingCoverage.Host\MissingCoverage.Host.csproj", "{D2B42C9F-487D-4645-90F8-AA06A3B5982C}"
EndProject
Project("{9A19103F-16F7-4668-BE54-9A1E7A4F7556}") = "MissingCoverage.Tests", "tests\MissingCoverage.Tests\MissingCoverage.Tests.csproj", "{46C64FBC-9450-4FFD-9C32-DD94ADF77324}"
EndProject
Global
	GlobalSection(SolutionConfigurationPlatforms) = preSolution
		Debug|Any CPU = Debug|Any CPU
		Release|Any CPU = Release|Any CPU
	EndGlobalSection
	GlobalSection(ProjectConfigurationPlatforms) = postSolution
		{D2B42C9F-487D-4645-90F8-AA06A3B5982C}.Debug|Any CPU.ActiveCfg = Debug|Any CPU
		{D2B42C9F-487D-4645-90F8-AA06A3B5982C}.Debug|Any CPU.Build.0 = Debug|Any CPU
		{D2B42C9F-487D-4645-90F8-AA06A3B5982C}.Release|Any CPU.ActiveCfg = Release|Any CPU
		{D2B42C9F-487D-4645-90F8-AA06A3B5982C}.Release|Any CPU.Build.0 = Release|Any CPU
		{46C64FBC-9450-4FFD-9C32-DD94ADF77324}.Debug|Any CPU.ActiveCfg = Debug|Any CPU
		{46C64FBC-9450-4FFD-9C32-DD94ADF77324}.Debug|Any CPU.Build.0 = Debug|Any CPU
		{46C64FBC-9450-4FFD-9C32-DD94ADF77324}.Release|Any CPU.ActiveCfg = Release|Any CPU
		{46C64FBC-9450-4FFD-9C32-DD94ADF77324}.Release|Any CPU.Build.0 = Release|Any CPU
	EndGlobalSection
	GlobalSection(SolutionProperties) = preSolution
		HideSolutionNode = FALSE
	EndGlobalSection
	GlobalSection(ExtensibilityGlobals) = postSolution
		SolutionGuid = {6A18849E-064D-4033-A775-6941CBAA99BA}
	EndGlobalSection
EndGlobal
